// !$*UTF8*$!
{
	archiveVersion = 1;
	classes = {
	};
	objectVersion = 46;
	objects = {

/* Begin PBXBuildFile section */
		545425711E790A92001C4463 /* main.m in Sources */ = {isa = PBXBuildFile; fileRef = 545425701E790A92001C4463 /* main.m */; };
		545425741E790A92001C4463 /* AppDelegate.m in Sources */ = {isa = PBXBuildFile; fileRef = 545425731E790A92001C4463 /* AppDelegate.m */; };
		545425771E790A92001C4463 /* ViewController.m in Sources */ = {isa = PBXBuildFile; fileRef = 545425761E790A92001C4463 /* ViewController.m */; };
		5454257A1E790A92001C4463 /* Main.storyboard in Resources */ = {isa = PBXBuildFile; fileRef = 545425781E790A92001C4463 /* Main.storyboard */; };
		5454257C1E790A92001C4463 /* Assets.xcassets in Resources */ = {isa = PBXBuildFile; fileRef = 5454257B1E790A92001C4463 /* Assets.xcassets */; };
		5454257F1E790A92001C4463 /* LaunchScreen.storyboard in Resources */ = {isa = PBXBuildFile; fileRef = 5454257D1E790A92001C4463 /* LaunchScreen.storyboard */; };
		5454258A1E790A92001C4463 /* StandardAppTests.m in Sources */ = {isa = PBXBuildFile; fileRef = 545425891E790A92001C4463 /* StandardAppTests.m */; };
		545425951E790A93001C4463 /* StandardAppUITests.m in Sources */ = {isa = PBXBuildFile; fileRef = 545425941E790A93001C4463 /* StandardAppUITests.m */; };
		545425D11E790C4C001C4463 /* StandardFrameWorkProject.framework in Frameworks */ = {isa = PBXBuildFile; fileRef = 545425D01E790C4C001C4463 /* StandardFrameWorkProject.framework */; };
/* End PBXBuildFile section */

/* Begin PBXContainerItemProxy section */
		545425861E790A92001C4463 /* PBXContainerItemProxy */ = {
			isa = PBXContainerItemProxy;
			containerPortal = 545425641E790A92001C4463 /* Project object */;
			proxyType = 1;
			remoteGlobalIDString = 5454256B1E790A92001C4463;
			remoteInfo = StandardApp;
		};
		545425911E790A93001C4463 /* PBXContainerItemProxy */ = {
			isa = PBXContainerItemProxy;
			containerPortal = 545425641E790A92001C4463 /* Project object */;
			proxyType = 1;
			remoteGlobalIDString = 5454256B1E790A92001C4463;
			remoteInfo = StandardApp;
		};
/* End PBXContainerItemProxy section */

/* Begin PBXCopyFilesBuildPhase section */
		545425CD1E790B3F001C4463 /* Embed Frameworks */ = {
			isa = PBXCopyFilesBuildPhase;
			buildActionMask = 2147483647;
			dstPath = "";
			dstSubfolderSpec = 10;
			files = (
			);
			name = "Embed Frameworks";
			runOnlyForDeploymentPostprocessing = 0;
		};
/* End PBXCopyFilesBuildPhase section */

/* Begin PBXFileReference section */
		5454256C1E790A92001C4463 /* StandardApp.app */ = {isa = PBXFileReference; explicitFileType = wrapper.application; includeInIndex = 0; path = StandardApp.app; sourceTree = BUILT_PRODUCTS_DIR; };
		545425701E790A92001C4463 /* main.m */ = {isa = PBXFileReference; lastKnownFileType = sourcecode.c.objc; path = main.m; sourceTree = "<group>"; };
		545425721E790A92001C4463 /* AppDelegate.h */ = {isa = PBXFileReference; lastKnownFileType = sourcecode.c.h; path = AppDelegate.h; sourceTree = "<group>"; };
		545425731E790A92001C4463 /* AppDelegate.m */ = {isa = PBXFileReference; lastKnownFileType = sourcecode.c.objc; path = AppDelegate.m; sourceTree = "<group>"; };
		545425751E790A92001C4463 /* ViewController.h */ = {isa = PBXFileReference; lastKnownFileType = sourcecode.c.h; path = ViewController.h; sourceTree = "<group>"; };
		545425761E790A92001C4463 /* ViewController.m */ = {isa = PBXFileReference; lastKnownFileType = sourcecode.c.objc; path = ViewController.m; sourceTree = "<group>"; };
		545425791E790A92001C4463 /* Base */ = {isa = PBXFileReference; lastKnownFileType = file.storyboard; name = Base; path = Base.lproj/Main.storyboard; sourceTree = "<group>"; };
		5454257B1E790A92001C4463 /* Assets.xcassets */ = {isa = PBXFileReference; lastKnownFileType = folder.assetcatalog; path = Assets.xcassets; sourceTree = "<group>"; };
		5454257E1E790A92001C4463 /* Base */ = {isa = PBXFileReference; lastKnownFileType = file.storyboard; name = Base; path = Base.lproj/LaunchScreen.storyboard; sourceTree = "<group>"; };
		545425801E790A92001C4463 /* Info.plist */ = {isa = PBXFileReference; lastKnownFileType = text.plist.xml; path = Info.plist; sourceTree = "<group>"; };
		545425851E790A92001C4463 /* StandardAppTests.xctest */ = {isa = PBXFileReference; explicitFileType = wrapper.cfbundle; includeInIndex = 0; path = StandardAppTests.xctest; sourceTree = BUILT_PRODUCTS_DIR; };
		545425891E790A92001C4463 /* StandardAppTests.m */ = {isa = PBXFileReference; lastKnownFileType = sourcecode.c.objc; path = StandardAppTests.m; sourceTree = "<group>"; };
		5454258B1E790A93001C4463 /* Info.plist */ = {isa = PBXFileReference; lastKnownFileType = text.plist.xml; path = Info.plist; sourceTree = "<group>"; };
		545425901E790A93001C4463 /* StandardAppUITests.xctest */ = {isa = PBXFileReference; explicitFileType = wrapper.cfbundle; includeInIndex = 0; path = StandardAppUITests.xctest; sourceTree = BUILT_PRODUCTS_DIR; };
		545425941E790A93001C4463 /* StandardAppUITests.m */ = {isa = PBXFileReference; lastKnownFileType = sourcecode.c.objc; path = StandardAppUITests.m; sourceTree = "<group>"; };
		545425961E790A93001C4463 /* Info.plist */ = {isa = PBXFileReference; lastKnownFileType = text.plist.xml; path = Info.plist; sourceTree = "<group>"; };
		545425D01E790C4C001C4463 /* StandardFrameWorkProject.framework */ = {isa = PBXFileReference; lastKnownFileType = wrapper.framework; name = StandardFrameWorkProject.framework; path = "../../Library/Developer/Xcode/DerivedData/FrameWorkDemo-gkmrzhjghzwjxybussqtbicybghm/Build/Products/Debug-iphonesimulator/StandardFrameWorkProject.framework"; sourceTree = "<group>"; };
/* End PBXFileReference section */

/* Begin PBXFrameworksBuildPhase section */
		545425691E790A92001C4463 /* Frameworks */ = {
			isa = PBXFrameworksBuildPhase;
			buildActionMask = 2147483647;
			files = (
				545425D11E790C4C001C4463 /* StandardFrameWorkProject.framework in Frameworks */,
			);
			runOnlyForDeploymentPostprocessing = 0;
		};
		545425821E790A92001C4463 /* Frameworks */ = {
			isa = PBXFrameworksBuildPhase;
			buildActionMask = 2147483647;
			files = (
			);
			runOnlyForDeploymentPostprocessing = 0;
		};
		5454258D1E790A93001C4463 /* Frameworks */ = {
			isa = PBXFrameworksBuildPhase;
			buildActionMask = 2147483647;
			files = (
			);
			runOnlyForDeploymentPostprocessing = 0;
		};
/* End PBXFrameworksBuildPhase section */

/* Begin PBXGroup section */
		545425631E790A92001C4463 = {
			isa = PBXGroup;
			children = (
				5454256E1E790A92001C4463 /* StandardApp */,
				545425881E790A92001C4463 /* StandardAppTests */,
				545425931E790A93001C4463 /* StandardAppUITests */,
				5454256D1E790A92001C4463 /* Products */,
				545425CF1E790C4C001C4463 /* Frameworks */,
			);
			sourceTree = "<group>";
		};
		5454256D1E790A92001C4463 /* Products */ = {
			isa = PBXGroup;
			children = (
				5454256C1E790A92001C4463 /* StandardApp.app */,
				545425851E790A92001C4463 /* StandardAppTests.xctest */,
				545425901E790A93001C4463 /* StandardAppUITests.xctest */,
			);
			name = Products;
			sourceTree = "<group>";
		};
		5454256E1E790A92001C4463 /* StandardApp */ = {
			isa = PBXGroup;
			children = (
				545425721E790A92001C4463 /* AppDelegate.h */,
				545425731E790A92001C4463 /* AppDelegate.m */,
				545425751E790A92001C4463 /* ViewController.h */,
				545425761E790A92001C4463 /* ViewController.m */,
				545425781E790A92001C4463 /* Main.storyboard */,
				5454257B1E790A92001C4463 /* Assets.xcassets */,
				5454257D1E790A92001C4463 /* LaunchScreen.storyboard */,
				545425801E790A92001C4463 /* Info.plist */,
				5454256F1E790A92001C4463 /* Supporting Files */,
			);
			path = StandardApp;
			sourceTree = "<group>";
		};
		5454256F1E790A92001C4463 /* Supporting Files */ = {
			isa = PBXGroup;
			children = (
				545425701E790A92001C4463 /* main.m */,
			);
			name = "Supporting Files";
			sourceTree = "<group>";
		};
		545425881E790A92001C4463 /* StandardAppTests */ = {
			isa = PBXGroup;
			children = (
				545425891E790A92001C4463 /* StandardAppTests.m */,
				5454258B1E790A93001C4463 /* Info.plist */,
			);
			path = StandardAppTests;
			sourceTree = "<group>";
		};
		545425931E790A93001C4463 /* StandardAppUITests */ = {
			isa = PBXGroup;
			children = (
				545425941E790A93001C4463 /* StandardAppUITests.m */,
				545425961E790A93001C4463 /* Info.plist */,
			);
			path = StandardAppUITests;
			sourceTree = "<group>";
		};
		545425CF1E790C4C001C4463 /* Frameworks */ = {
			isa = PBXGroup;
			children = (
				545425D01E790C4C001C4463 /* StandardFrameWorkProject.framework */,
			);
			name = Frameworks;
			sourceTree = "<group>";
		};
/* End PBXGroup section */

/* Begin PBXNativeTarget section */
		5454256B1E790A92001C4463 /* StandardApp */ = {
			isa = PBXNativeTarget;
			buildConfigurationList = 545425991E790A93001C4463 /* Build configuration list for PBXNativeTarget "StandardApp" */;
			buildPhases = (
				545425681E790A92001C4463 /* Sources */,
				545425691E790A92001C4463 /* Frameworks */,
				5454256A1E790A92001C4463 /* Resources */,
				545425CD1E790B3F001C4463 /* Embed Frameworks */,
			);
			buildRules = (
			);
			dependencies = (
			);
			name = StandardApp;
			productName = StandardApp;
			productReference = 5454256C1E790A92001C4463 /* StandardApp.app */;
			productType = "com.apple.product-type.application";
		};
		545425841E790A92001C4463 /* StandardAppTests */ = {
			isa = PBXNativeTarget;
			buildConfigurationList = 5454259C1E790A93001C4463 /* Build configuration list for PBXNativeTarget "StandardAppTests" */;
			buildPhases = (
				545425811E790A92001C4463 /* Sources */,
				545425821E790A92001C4463 /* Frameworks */,
				545425831E790A92001C4463 /* Resources */,
			);
			buildRules = (
			);
			dependencies = (
				545425871E790A92001C4463 /* PBXTargetDependency */,
			);
			name = StandardAppTests;
			productName = StandardAppTests;
			productReference = 545425851E790A92001C4463 /* StandardAppTests.xctest */;
			productType = "com.apple.product-type.bundle.unit-test";
		};
		5454258F1E790A93001C4463 /* StandardAppUITests */ = {
			isa = PBXNativeTarget;
			buildConfigurationList = 5454259F1E790A93001C4463 /* Build configuration list for PBXNativeTarget "StandardAppUITests" */;
			buildPhases = (
				5454258C1E790A93001C4463 /* Sources */,
				5454258D1E790A93001C4463 /* Frameworks */,
				5454258E1E790A93001C4463 /* Resources */,
			);
			buildRules = (
			);
			dependencies = (
				545425921E790A93001C4463 /* PBXTargetDependency */,
			);
			name = StandardAppUITests;
			productName = StandardAppUITests;
			productReference = 545425901E790A93001C4463 /* StandardAppUITests.xctest */;
			productType = "com.apple.product-type.bundle.ui-testing";
		};
/* End PBXNativeTarget section */

/* Begin PBXProject section */
		545425641E790A92001C4463 /* Project object */ = {
			isa = PBXProject;
			attributes = {
				LastUpgradeCheck = 0820;
				ORGANIZATIONNAME = szzc;
				TargetAttributes = {
					5454256B1E790A92001C4463 = {
						CreatedOnToolsVersion = 8.2.1;
						ProvisioningStyle = Automatic;
					};
					545425841E790A92001C4463 = {
						CreatedOnToolsVersion = 8.2.1;
						ProvisioningStyle = Automatic;
						TestTargetID = 5454256B1E790A92001C4463;
					};
					5454258F1E790A93001C4463 = {
						CreatedOnToolsVersion = 8.2.1;
						ProvisioningStyle = Automatic;
						TestTargetID = 5454256B1E790A92001C4463;
					};
				};
			};
			buildConfigurationList = 545425671E790A92001C4463 /* Build configuration list for PBXProject "StandardApp" */;
			compatibilityVersion = "Xcode 3.2";
			developmentRegion = English;
			hasScannedForEncodings = 0;
			knownRegions = (
				en,
				Base,
			);
			mainGroup = 545425631E790A92001C4463;
			productRefGroup = 5454256D1E790A92001C4463 /* Products */;
			projectDirPath = "";
			projectRoot = "";
			targets = (
				5454256B1E790A92001C4463 /* StandardApp */,
				545425841E790A92001C4463 /* StandardAppTests */,
				5454258F1E790A93001C4463 /* StandardAppUITests */,
			);
		};
/* End PBXProject section */

/* Begin PBXResourcesBuildPhase section */
		5454256A1E790A92001C4463 /* Resources */ = {
			isa = PBXResourcesBuildPhase;
			buildActionMask = 2147483647;
			files = (
				5454257F1E790A92001C4463 /* LaunchScreen.storyboard in Resources */,
				5454257C1E790A92001C4463 /* Assets.xcassets in Resources */,
				5454257A1E790A92001C4463 /* Main.storyboard in Resources */,
			);
			runOnlyForDeploymentPostprocessing = 0;
		};
		545425831E790A92001C4463 /* Resources */ = {
			isa = PBXResourcesBuildPhase;
			buildActionMask = 2147483647;
			files = (
			);
			runOnlyForDeploymentPostprocessing = 0;
		};
		5454258E1E790A93001C4463 /* Resources */ = {
			isa = PBXResourcesBuildPhase;
			buildActionMask = 2147483647;
			files = (
			);
			runOnlyForDeploymentPostprocessing = 0;
		};
/* End PBXResourcesBuildPhase section */

/* Begin PBXSourcesBuildPhase section */
		545425681E790A92001C4463 /* Sources */ = {
			isa = PBXSourcesBuildPhase;
			buildActionMask = 2147483647;
			files = (
				545425771E790A92001C4463 /* ViewController.m in Sources */,
				545425741E790A92001C4463 /* AppDelegate.m in Sources */,
				545425711E790A92001C4463 /* main.m in Sources */,
			);
			runOnlyForDeploymentPostprocessing = 0;
		};
		545425811E790A92001C4463 /* Sources */ = {
			isa = PBXSourcesBuildPhase;
			buildActionMask = 2147483647;
			files = (
				5454258A1E790A92001C4463 /* StandardAppTests.m in Sources */,
			);
			runOnlyForDeploymentPostprocessing = 0;
		};
		5454258C1E790A93001C4463 /* Sources */ = {
			isa = PBXSourcesBuildPhase;
			buildActionMask = 2147483647;
			files = (
				545425951E790A93001C4463 /* StandardAppUITests.m in Sources */,
			);
			runOnlyForDeploymentPostprocessing = 0;
		};
/* End PBXSourcesBuildPhase section */

/* Begin PBXTargetDependency section */
		545425871E790A92001C4463 /* PBXTargetDependency */ = {
			isa = PBXTargetDependency;
			target = 5454256B1E790A92001C4463 /* StandardApp */;
			targetProxy = 545425861E790A92001C4463 /* PBXContainerItemProxy */;
		};
		545425921E790A93001C4463 /* PBXTargetDependency */ = {
			isa = PBXTargetDependency;
			target = 5454256B1E790A92001C4463 /* StandardApp */;
			targetProxy = 545425911E790A93001C4463 /* PBXContainerItemProxy */;
		};
/* End PBXTargetDependency section */

/* Begin PBXVariantGroup section */
		545425781E790A92001C4463 /* Main.storyboard */ = {
			isa = PBXVariantGroup;
			children = (
				545425791E790A92001C4463 /* Base */,
			);
			name = Main.storyboard;
			sourceTree = "<group>";
		};
		5454257D1E790A92001C4463 /* LaunchScreen.storyboard */ = {
			isa = PBXVariantGroup;
			children = (
				5454257E1E790A92001C4463 /* Base */,
			);
			name = LaunchScreen.storyboard;
			sourceTree = "<group>";
		};
/* End PBXVariantGroup section */

/* Begin XCBuildConfiguration section */
		545425971E790A93001C4463 /* Debug */ = {
			isa = XCBuildConfiguration;
			buildSettings = {
				ALWAYS_SEARCH_USER_PATHS = NO;
				CLANG_ANALYZER_NONNULL = YES;
				CLANG_CXX_LANGUAGE_STANDARD = "gnu++0x";
				CLANG_CXX_LIBRARY = "libc++";
				CLANG_ENABLE_MODULES = YES;
				CLANG_ENABLE_OBJC_ARC = YES;
				CLANG_WARN_BOOL_CONVERSION = YES;
				CLANG_WARN_CONSTANT_CONVERSION = YES;
				CLANG_WARN_DIRECT_OBJC_ISA_USAGE = YES_ERROR;
				CLANG_WARN_DOCUMENTATION_COMMENTS = YES;
				CLANG_WARN_EMPTY_BODY = YES;
				CLANG_WARN_ENUM_CONVERSION = YES;
				CLANG_WARN_INFINITE_RECURSION = YES;
				CLANG_WARN_INT_CONVERSION = YES;
				CLANG_WARN_OBJC_ROOT_CLASS = YES_ERROR;
				CLANG_WARN_SUSPICIOUS_MOVE = YES;
				CLANG_WARN_UNREACHABLE_CODE = YES;
				CLANG_WARN__DUPLICATE_METHOD_MATCH = YES;
				"CODE_SIGN_IDENTITY[sdk=iphoneos*]" = "iPhone Developer";
				COPY_PHASE_STRIP = NO;
				DEBUG_INFORMATION_FORMAT = dwarf;
				ENABLE_STRICT_OBJC_MSGSEND = YES;
				ENABLE_TESTABILITY = YES;
				GCC_C_LANGUAGE_STANDARD = gnu99;
				GCC_DYNAMIC_NO_PIC = NO;
				GCC_NO_COMMON_BLOCKS = YES;
				GCC_OPTIMIZATION_LEVEL = 0;
				GCC_PREPROCESSOR_DEFINITIONS = (
					"DEBUG=1",
					"$(inherited)",
				);
				GCC_WARN_64_TO_32_BIT_CONVERSION = YES;
				GCC_WARN_ABOUT_RETURN_TYPE = YES_ERROR;
				GCC_WARN_UNDECLARED_SELECTOR = YES;
				GCC_WARN_UNINITIALIZED_AUTOS = YES_AGGRESSIVE;
				GCC_WARN_UNUSED_FUNCTION = YES;
				GCC_WARN_UNUSED_VARIABLE = YES;
				IPHONEOS_DEPLOYMENT_TARGET = 10.2;
				MTL_ENABLE_DEBUG_INFO = YES;
				ONLY_ACTIVE_ARCH = YES;
				SDKROOT = iphoneos;
				TARGETED_DEVICE_FAMILY = "1,2";
			};
			name = Debug;
		};
		545425981E790A93001C4463 /* Release */ = {
			isa = XCBuildConfiguration;
			buildSettings = {
				ALWAYS_SEARCH_USER_PATHS = NO;
				CLANG_ANALYZER_NONNULL = YES;
				CLANG_CXX_LANGUAGE_STANDARD = "gnu++0x";
				CLANG_CXX_LIBRARY = "libc++";
				CLANG_ENABLE_MODULES = YES;
				CLANG_ENABLE_OBJC_ARC = YES;
				CLANG_WARN_BOOL_CONVERSION = YES;
				CLANG_WARN_CONSTANT_CONVERSION = YES;
				CLANG_WARN_DIRECT_OBJC_ISA_USAGE = YES_ERROR;
				CLANG_WARN_DOCUMENTATION_COMMENTS = YES;
				CLANG_WARN_EMPTY_BODY = YES;
				CLANG_WARN_ENUM_CONVERSION = YES;
				CLANG_WARN_INFINITE_RECURSION = YES;
				CLANG_WARN_INT_CONVERSION = YES;
				CLANG_WARN_OBJC_ROOT_CLASS = YES_ERROR;
				CLANG_WARN_SUSPICIOUS_MOVE = YES;
				CLANG_WARN_UNREACHABLE_CODE = YES;
				CLANG_WARN__DUPLICATE_METHOD_MATCH = YES;
				"CODE_SIGN_IDENTITY[sdk=iphoneos*]" = "iPhone Developer";
				COPY_PHASE_STRIP = NO;
				DEBUG_INFORMATION_FORMAT = "dwarf-with-dsym";
				ENABLE_NS_ASSERTIONS = NO;
				ENABLE_STRICT_OBJC_MSGSEND = YES;
				GCC_C_LANGUAGE_STANDARD = gnu99;
				GCC_NO_COMMON_BLOCKS = YES;
				GCC_WARN_64_TO_32_BIT_CONVERSION = YES;
				GCC_WARN_ABOUT_RETURN_TYPE = YES_ERROR;
				GCC_WARN_UNDECLARED_SELECTOR = YES;
				GCC_WARN_UNINITIALIZED_AUTOS = YES_AGGRESSIVE;
				GCC_WARN_UNUSED_FUNCTION = YES;
				GCC_WARN_UNUSED_VARIABLE = YES;
				IPHONEOS_DEPLOYMENT_TARGET = 10.2;
				MTL_ENABLE_DEBUG_INFO = NO;
				SDKROOT = iphoneos;
				TARGETED_DEVICE_FAMILY = "1,2";
				VALIDATE_PRODUCT = YES;
			};
			name = Release;
		};
		5454259A1E790A93001C4463 /* Debug */ = {
			isa = XCBuildConfiguration;
			buildSettings = {
				ASSETCATALOG_COMPILER_APPICON_NAME = AppIcon;
				INFOPLIST_FILE = StandardApp/Info.plist;
				LD_RUNPATH_SEARCH_PATHS = "$(inherited) @executable_path/Frameworks";
				PRODUCT_BUNDLE_IDENTIFIER = "-11.StandardApp";
				PRODUCT_NAME = "$(TARGET_NAME)";
			};
			name = Debug;
		};
		5454259B1E790A93001C4463 /* Release */ = {
			isa = XCBuildConfiguration;
			buildSettings = {
				ASSETCATALOG_COMPILER_APPICON_NAME = AppIcon;
				INFOPLIST_FILE = StandardApp/Info.plist;
				LD_RUNPATH_SEARCH_PATHS = "$(inherited) @executable_path/Frameworks";
				PRODUCT_BUNDLE_IDENTIFIER = "-11.StandardApp";
				PRODUCT_NAME = "$(TARGET_NAME)";
			};
			name = Release;
		};
		5454259D1E790A93001C4463 /* Debug */ = {
			isa = XCBuildConfiguration;
			buildSettings = {
				BUNDLE_LOADER = "$(TEST_HOST)";
				INFOPLIST_FILE = StandardAppTests/Info.plist;
				LD_RUNPATH_SEARCH_PATHS = "$(inherited) @executable_path/Frameworks @loader_path/Frameworks";
				PRODUCT_BUNDLE_IDENTIFIER = "-11.StandardAppTests";
				PRODUCT_NAME = "$(TARGET_NAME)";
				TEST_HOST = "$(BUILT_PRODUCTS_DIR)/StandardApp.app/StandardApp";
			};
			name = Debug;
		};
		5454259E1E790A93001C4463 /* Release */ = {
			isa = XCBuildConfiguration;
			buildSettings = {
				BUNDLE_LOADER = "$(TEST_HOST)";
				INFOPLIST_FILE = StandardAppTests/Info.plist;
				LD_RUNPATH_SEARCH_PATHS = "$(inherited) @executable_path/Frameworks @loader_path/Frameworks";
				PRODUCT_BUNDLE_IDENTIFIER = "-11.StandardAppTests";
				PRODUCT_NAME = "$(TARGET_NAME)";
				TEST_HOST = "$(BUILT_PRODUCTS_DIR)/StandardApp.app/StandardApp";
			};
			name = Release;
		};
		545425A01E790A93001C4463 /* Debug */ = {
			isa = XCBuildConfiguration;
			buildSettings = {
				INFOPLIST_FILE = StandardAppUITests/Info.plist;
				LD_RUNPATH_SEARCH_PATHS = "$(inherited) @executable_path/Frameworks @loader_path/Frameworks";
				PRODUCT_BUNDLE_IDENTIFIER = "-11.StandardAppUITests";
				PRODUCT_NAME = "$(TARGET_NAME)";
				TEST_TARGET_NAME = StandardApp;
			};
			name = Debug;
		};
		545425A11E790A93001C4463 /* Release */ = {
			isa = XCBuildConfiguration;
			buildSettings = {
				INFOPLIST_FILE = StandardAppUITests/Info.plist;
				LD_RUNPATH_SEARCH_PATHS = "$(inherited) @executable_path/Frameworks @loader_path/Frameworks";
				PRODUCT_BUNDLE_IDENTIFIER = "-11.StandardAppUITests";
				PRODUCT_NAME = "$(TARGET_NAME)";
				TEST_TARGET_NAME = StandardApp;
			};
			name = Release;
		};
/* End XCBuildConfiguration section */

/* Begin XCConfigurationList section */
		545425671E790A92001C4463 /* Build configuration list for PBXProject "StandardApp" */ = {
			isa = XCConfigurationList;
			buildConfigurations = (
				545425971E790A93001C4463 /* Debug */,
				545425981E790A93001C4463 /* Release */,
			);
			defaultConfigurationIsVisible = 0;
			defaultConfigurationName = Release;
		};
		545425991E790A93001C4463 /* Build configuration list for PBXNativeTarget "StandardApp" */ = {
			isa = XCConfigurationList;
			buildConfigurations = (
				5454259A1E790A93001C4463 /* Debug */,
				5454259B1E790A93001C4463 /* Release */,
			);
			defaultConfigurationIsVisible = 0;
		};
		5454259C1E790A93001C4463 /* Build configuration list for PBXNativeTarget "StandardAppTests" */ = {
			isa = XCConfigurationList;
			buildConfigurations = (
				5454259D1E790A93001C4463 /* Debug */,
				5454259E1E790A93001C4463 /* Release */,
			);
			defaultConfigurationIsVisible = 0;
		};
		5454259F1E790A93001C4463 /* Build configuration list for PBXNativeTarget "StandardAppUITests" */ = {
			isa = XCConfigurationList;
			buildConfigurations = (
				545425A01E790A93001C4463 /* Debug */,
				545425A11E790A93001C4463 /* Release */,
			);
			defaultConfigurationIsVisible = 0;
		};
/* End XCConfigurationList section */
	};
	rootObject = 545425641E790A92001C4463 /* Project object */;
}
